<?xml version="1.0" encoding="utf-8"?>
<Project ToolsVersion="4.0" xmlns="http://schemas.microsoft.com/developer/msbuild/2003">
  <ItemGroup>
    <Filter Include="Source Files">
      <UniqueIdentifier>{4FC737F1-C7A5-4376-A066-2A32D752A2FF}</UniqueIdentifier>
      <Extensions>cpp;c;cc;cxx;c++;cppm;ixx;def;odl;idl;hpj;bat;asm;asmx</Extensions>
    </Filter>
    <Filter Include="Header Files">
      <UniqueIdentifier>{93995380-89BD-4b04-88EB-625FBE52EBFB}</UniqueIdentifier>
      <Extensions>h;hh;hpp;hxx;h++;hm;inl;inc;ipp;xsd</Extensions>
    </Filter>
    <Filter Include="Resource Files">
      <UniqueIdentifier>{67DA6AB6-F800-4c08-8B7A-83BB121AAD01}</UniqueIdentifier>
      <Extensions>rc;ico;cur;bmp;dlg;rc2;rct;bin;rgs;gif;jpg;jpeg;jpe;resx;tiff;tif;png;wav;mfcribbon-ms</Extensions>
    </Filter>
  </ItemGroup>
  <ItemGroup>
    <ClCompile Include="main.cpp">
      <Filter>Source Files</Filter>
    </ClCompile>
    <ClCompile Include="algorithms\CRTAlbedo.cpp">
      <Filter>Source Files</Filter>
    </ClCompile>
    <ClCompile Include="algorithms\CRTRayTriangle.cpp">
      <Filter>Source Files</Filter>
    </ClCompile>
    <ClCompile Include="algorithms\CRTRenderer.cpp">
      <Filter>Source Files</Filter>
    </ClCompile>
    <ClCompile Include="algorithms\CRTShader.cpp">
      <Filter>Source Files</Filter>
    </ClCompile>
    <ClCompile Include="image\CRTAxisAlignedBB.cpp">
      <Filter>Source Files</Filter>
    </ClCompile>
    <ClCompile Include="image\CRTColor.cpp">
      <Filter>Source Files</Filter>
    </ClCompile>
    <ClCompile Include="image\CRTImageBuffer.cpp">
      <Filter>Source Files</Filter>
    </ClCompile>
    <ClCompile Include="math\CRTMatrix.cpp">
      <Filter>Source Files</Filter>
    </ClCompile>
    <ClCompile Include="math\CRTRay.cpp">
      <Filter>Source Files</Filter>
    </ClCompile>
    <ClCompile Include="math\CRTriangle.cpp">
      <Filter>Source Files</Filter>
    </ClCompile>
    <ClCompile Include="math\CRTVector.cpp">
      <Filter>Source Files</Filter>
    </ClCompile>
    <ClCompile Include="scene\CRTCamera.cpp">
      <Filter>Source Files</Filter>
    </ClCompile>
    <ClCompile Include="scene\CRTexture.cpp">
      <Filter>Source Files</Filter>
    </ClCompile>
    <ClCompile Include="scene\CRTLight.cpp">
      <Filter>Source Files</Filter>
    </ClCompile>
    <ClCompile Include="scene\CRTMaterial.cpp">
      <Filter>Source Files</Filter>
    </ClCompile>
    <ClCompile Include="scene\CRTMesh.cpp">
      <Filter>Source Files</Filter>
    </ClCompile>
    <ClCompile Include="scene\CRTScene.cpp">
      <Filter>Source Files</Filter>
    </ClCompile>
    <ClCompile Include="scene\CRTSceneParser.cpp">
      <Filter>Source Files</Filter>
    </ClCompile>
    <ClCompile Include="scene\CRTSettings.cpp">
      <Filter>Source Files</Filter>
    </ClCompile>
    <ClCompile Include="Helper.cpp">
      <Filter>Source Files</Filter>
    </ClCompile>
    <ClCompile Include="image\BitMapBuffer.cpp">
      <Filter>Source Files</Filter>
    </ClCompile>
    <ClCompile Include="image\stbImage.cpp">
      <Filter>Source Files</Filter>
    </ClCompile>
    <ClCompile Include="image\CRTKDTree.cpp">
      <Filter>Source Files</Filter>
    </ClCompile>
  </ItemGroup>
  <ItemGroup>
    <ClInclude Include="algorithms\CRTAlbedo.h">
      <Filter>Header Files</Filter>
    </ClInclude>
    <ClInclude Include="algorithms\CRTRayTriangle.h">
      <Filter>Header Files</Filter>
    </ClInclude>
    <ClInclude Include="algorithms\CRTRenderer.h">
      <Filter>Header Files</Filter>
    </ClInclude>
    <ClInclude Include="algorithms\CRTShader.h">
      <Filter>Header Files</Filter>
    </ClInclude>
    <ClInclude Include="image\CRTAxisAlignedBB.h">
      <Filter>Header Files</Filter>
    </ClInclude>
    <ClInclude Include="image\CRTColor.h">
      <Filter>Header Files</Filter>
    </ClInclude>
    <ClInclude Include="image\CRTImageBuffer.h">
      <Filter>Header Files</Filter>
    </ClInclude>
    <ClInclude Include="math\CRTRay.h">
      <Filter>Header Files</Filter>
    </ClInclude>
    <ClInclude Include="math\CRTriangle.h">
      <Filter>Header Files</Filter>
    </ClInclude>
    <ClInclude Include="math\CRTVector.h">
      <Filter>Header Files</Filter>
    </ClInclude>
    <ClInclude Include="scene\CRTCamera.h">
      <Filter>Header Files</Filter>
    </ClInclude>
    <ClInclude Include="scene\CRTexture.h">
      <Filter>Header Files</Filter>
    </ClInclude>
    <ClInclude Include="scene\CRTLight.h">
      <Filter>Header Files</Filter>
    </ClInclude>
    <ClInclude Include="scene\CRTMaterial.h">
      <Filter>Header Files</Filter>
    </ClInclude>
    <ClInclude Include="scene\CRTMesh.h">
      <Filter>Header Files</Filter>
    </ClInclude>
    <ClInclude Include="scene\CRTScene.h">
      <Filter>Header Files</Filter>
    </ClInclude>
    <ClInclude Include="scene\CRTSceneParser.h">
      <Filter>Header Files</Filter>
    </ClInclude>
    <ClInclude Include="scene\CRTSettings.h">
      <Filter>Header Files</Filter>
    </ClInclude>
    <ClInclude Include="Helper.h">
      <Filter>Header Files</Filter>
    </ClInclude>
    <ClInclude Include="image\BitMapBuffer.h">
      <Filter>Header Files</Filter>
    </ClInclude>
    <ClInclude Include="image\stbImage.h">
      <Filter>Header Files</Filter>
    </ClInclude>
    <ClInclude Include="image\CRTKDTree.h">
      <Filter>Header Files</Filter>
    </ClInclude>
  </ItemGroup>
</Project>